<?xml version="1.0" encoding="UTF-8" standalone="yes" ?>
<CodeBlocks_project_file>
	<FileVersion major="1" minor="6" />
	<Project>
		<Option title="remainder" />
		<Option pch_mode="2" />
		<Option compiler="gcc" />
		<Build>
			<Target title="Debug">
				<Option output="bin/Debug/remainder" prefix_auto="1" extension_auto="1" />
				<Option object_output="obj/Debug/" />
				<Option type="1" />
				<Option compiler="gcc" />
				<Compiler>
					<Add option="-g" />
					<Add directory="include" />
				</Compiler>
			</Target>
			<Target title="Release">
				<Option output="bin/Release/remainder" prefix_auto="1" extension_auto="1" />
				<Option object_output="obj/Release/" />
				<Option type="1" />
				<Option compiler="gcc" />
				<Compiler>
					<Add option="-O2" />
					<Add directory="include" />
				</Compiler>
				<Linker>
					<Add option="-s" />
				</Linker>
			</Target>
		</Build>
		<Compiler>
			<Add option="-Wall" />
			<Add option="-fexceptions" />
		</Compiler>
		<Unit filename="Cat.h" />
		<Unit filename="Const.cpp" />
		<Unit filename="arithmetic.cpp" />
		<Unit filename="cat.cpp" />
		<Unit filename="cher_arrays.cpp" />
		<Unit filename="copy_constructor.cpp" />
		<Unit filename="include/Cat2.h" />
		<Unit filename="include/Person.h" />
		<Unit filename="main.cpp" />
		<Unit filename="new_operator.cpp" />
		<Unit filename="pointer_arithmetic.cpp" />
		<Unit filename="pointers_and_arrays.cpp" />
		<Unit filename="reference.cpp" />
		<Unit filename="reverse_string.cpp" />
		<Unit filename="src/Cat2.cpp" />
		<Unit filename="src/Person.cpp" />
		<Extensions>
			<lib_finder disable_auto="1" />
		</Extensions>
	</Project>
</CodeBlocks_project_file>
